
Microsoft Visual Studio Solution File, Format Version 12.00
# Visual Studio Version 17
VisualStudioVersion = 17.12.35707.178 d17.12
MinimumVisualStudioVersion = 10.0.40219.1
Project("{FAE04EC0-301F-11D3-BF4B-00C04F79EFBC}") = "modul8_103022330070", "modul8_103022330070.csproj", "{3EC8B125-A469-447B-B6B6-495CE61929EB}"
EndProject
Global
	GlobalSection(SolutionConfigurationPlatforms) = preSolution
		Debug|Any CPU = Debug|Any CPU
		Release|Any CPU = Release|Any CPU
	EndGlobalSection
	GlobalSection(ProjectConfigurationPlatforms) = postSolution
		{3EC8B125-A469-447B-B6B6-495CE61929EB}.Debug|Any CPU.ActiveCfg = Debug|Any CPU
		{3EC8B125-A469-447B-B6B6-495CE61929EB}.Debug|Any CPU.Build.0 = Debug|Any CPU
		{3EC8B125-A469-447B-B6B6-495CE61929EB}.Release|Any CPU.ActiveCfg = Release|Any CPU
		{3EC8B125-A469-447B-B6B6-495CE61929EB}.Release|Any CPU.Build.0 = Release|Any CPU
	EndGlobalSection
	GlobalSection(SolutionProperties) = preSolution
		HideSolutionNode = FALSE
	EndGlobalSection
EndGlobal
